
Microsoft Visual Studio Solution File, Format Version 12.00
# Visual Studio Version 17
VisualStudioVersion = 17.7.34018.315
MinimumVisualStudioVersion = 10.0.40219.1
Project("{FAE04EC0-301F-11D3-BF4B-00C04F79EFBC}") = "CalculatorAhmetKayaTheme", "WindowsFormsApp1\CalculatorAhmetKayaTheme.csproj", "{BE89A799-325F-40EB-8DF6-C8FCA29C6C00}"
EndProject
Global
	GlobalSection(SolutionConfigurationPlatforms) = preSolution
		Debug|Any CPU = Debug|Any CPU
		Release|Any CPU = Release|Any CPU
	EndGlobalSection
	GlobalSection(ProjectConfigurationPlatforms) = postSolution
		{BE89A799-325F-40EB-8DF6-C8FCA29C6C00}.Debug|Any CPU.ActiveCfg = Debug|Any CPU
		{BE89A799-325F-40EB-8DF6-C8FCA29C6C00}.Debug|Any CPU.Build.0 = Debug|Any CPU
		{BE89A799-325F-40EB-8DF6-C8FCA29C6C00}.Release|Any CPU.ActiveCfg = Release|Any CPU
		{BE89A799-325F-40EB-8DF6-C8FCA29C6C00}.Release|Any CPU.Build.0 = Release|Any CPU
	EndGlobalSection
	GlobalSection(SolutionProperties) = preSolution
		HideSolutionNode = FALSE
	EndGlobalSection
	GlobalSection(ExtensibilityGlobals) = postSolution
		SolutionGuid = {ACCDD289-C9D9-4D36-9E41-47F87BF1F36E}
	EndGlobalSection
EndGlobal
